
Microsoft Visual Studio Solution File, Format Version 12.00
# Visual Studio Version 17
VisualStudioVersion = 17.0.31903.59
MinimumVisualStudioVersion = 10.0.40219.1
Project("{2150E333-8FDC-42A3-9474-1A3956D46DE8}") = "Authentication", "Authentication", "{4695A4CC-2808-B473-78D8-BE303A4A5026}"
EndProject
Project("{FAE04EC0-301F-11D3-BF4B-00C04F79EFBC}") = "Authentication.API", "Authentication\Authentication.API\Authentication.API.csproj", "{6AAE1FE8-076D-4C45-B7D0-F467D80EB916}"
EndProject
Project("{FAE04EC0-301F-11D3-BF4B-00C04F79EFBC}") = "Authentication.Application", "Authentication\Authentication.Application\Authentication.Application.csproj", "{E07C8DEF-2270-4D6A-A735-DA585ED0DF29}"
EndProject
Project("{FAE04EC0-301F-11D3-BF4B-00C04F79EFBC}") = "Authentication.Domain", "Authentication\Authentication.Domain\Authentication.Domain.csproj", "{119AB972-E2A4-4851-B9D8-679FB369003C}"
EndProject
Project("{FAE04EC0-301F-11D3-BF4B-00C04F79EFBC}") = "Authentication.Infrastructure", "Authentication\Authentication.Infrastructure\Authentication.Infrastructure.csproj", "{D120AF1B-A36F-46BC-867A-713CCB53BBA4}"
EndProject
Project("{2150E333-8FDC-42A3-9474-1A3956D46DE8}") = "Assignment", "Assignment", "{9AD56520-CC69-D13B-DD50-24A91D5BFBA7}"
EndProject
Project("{FAE04EC0-301F-11D3-BF4B-00C04F79EFBC}") = "Assignment.API", "Assignment\Assignment.API\Assignment.API.csproj", "{1488BC9F-AC50-4C27-B33A-32DD37B3ACBF}"
EndProject
Project("{FAE04EC0-301F-11D3-BF4B-00C04F79EFBC}") = "Assignment.Application", "Assignment\Assignment.Application\Assignment.Application.csproj", "{72A1CB43-E1AC-40CC-845A-CB0C027BA94D}"
EndProject
Project("{FAE04EC0-301F-11D3-BF4B-00C04F79EFBC}") = "Assignment.Domain", "Assignment\Assignment.Domain\Assignment.Domain.csproj", "{E6F4FA7E-1CA4-4B4F-9DE8-92071CB2556D}"
EndProject
Project("{FAE04EC0-301F-11D3-BF4B-00C04F79EFBC}") = "Assignment.Infrastructure", "Assignment\Assignment.Infrastructure\Assignment.Infrastructure.csproj", "{721F2485-EFFB-4E98-8A5F-30688EFB28B6}"
EndProject
Project("{2150E333-8FDC-42A3-9474-1A3956D46DE8}") = "Resource", "Resource", "{0186F55B-8B5C-28C8-7A24-A01D9A5B18B6}"
EndProject
Project("{FAE04EC0-301F-11D3-BF4B-00C04F79EFBC}") = "Resource.API", "Resource\Resource.API\Resource.API.csproj", "{D56D057F-BA5F-42DD-94B0-CA1FD3483FA6}"
EndProject
Project("{FAE04EC0-301F-11D3-BF4B-00C04F79EFBC}") = "Resource.Application", "Resource\Resource.Application\Resource.Application.csproj", "{947D3499-14BE-45BC-9878-6DC08F76A878}"
EndProject
Project("{FAE04EC0-301F-11D3-BF4B-00C04F79EFBC}") = "Resource.Domain", "Resource\Resource.Domain\Resource.Domain.csproj", "{52BE85D4-3529-428A-B9A9-4FBFF76897E3}"
EndProject
Project("{FAE04EC0-301F-11D3-BF4B-00C04F79EFBC}") = "Resource.Infrastructure", "Resource\Resource.Infrastructure\Resource.Infrastructure.csproj", "{79365CB4-543E-425C-85E3-8A7A932D80AE}"
EndProject
Global
	GlobalSection(SolutionConfigurationPlatforms) = preSolution
		Debug|Any CPU = Debug|Any CPU
		Debug|x64 = Debug|x64
		Debug|x86 = Debug|x86
		Release|Any CPU = Release|Any CPU
		Release|x64 = Release|x64
		Release|x86 = Release|x86
	EndGlobalSection
	GlobalSection(ProjectConfigurationPlatforms) = postSolution
		{6AAE1FE8-076D-4C45-B7D0-F467D80EB916}.Debug|Any CPU.ActiveCfg = Debug|Any CPU
		{6AAE1FE8-076D-4C45-B7D0-F467D80EB916}.Debug|Any CPU.Build.0 = Debug|Any CPU
		{6AAE1FE8-076D-4C45-B7D0-F467D80EB916}.Debug|x64.ActiveCfg = Debug|Any CPU
		{6AAE1FE8-076D-4C45-B7D0-F467D80EB916}.Debug|x64.Build.0 = Debug|Any CPU
		{6AAE1FE8-076D-4C45-B7D0-F467D80EB916}.Debug|x86.ActiveCfg = Debug|Any CPU
		{6AAE1FE8-076D-4C45-B7D0-F467D80EB916}.Debug|x86.Build.0 = Debug|Any CPU
		{6AAE1FE8-076D-4C45-B7D0-F467D80EB916}.Release|Any CPU.ActiveCfg = Release|Any CPU
		{6AAE1FE8-076D-4C45-B7D0-F467D80EB916}.Release|Any CPU.Build.0 = Release|Any CPU
		{6AAE1FE8-076D-4C45-B7D0-F467D80EB916}.Release|x64.ActiveCfg = Release|Any CPU
		{6AAE1FE8-076D-4C45-B7D0-F467D80EB916}.Release|x64.Build.0 = Release|Any CPU
		{6AAE1FE8-076D-4C45-B7D0-F467D80EB916}.Release|x86.ActiveCfg = Release|Any CPU
		{6AAE1FE8-076D-4C45-B7D0-F467D80EB916}.Release|x86.Build.0 = Release|Any CPU
		{E07C8DEF-2270-4D6A-A735-DA585ED0DF29}.Debug|Any CPU.ActiveCfg = Debug|Any CPU
		{E07C8DEF-2270-4D6A-A735-DA585ED0DF29}.Debug|Any CPU.Build.0 = Debug|Any CPU
		{E07C8DEF-2270-4D6A-A735-DA585ED0DF29}.Debug|x64.ActiveCfg = Debug|Any CPU
		{E07C8DEF-2270-4D6A-A735-DA585ED0DF29}.Debug|x64.Build.0 = Debug|Any CPU
		{E07C8DEF-2270-4D6A-A735-DA585ED0DF29}.Debug|x86.ActiveCfg = Debug|Any CPU
		{E07C8DEF-2270-4D6A-A735-DA585ED0DF29}.Debug|x86.Build.0 = Debug|Any CPU
		{E07C8DEF-2270-4D6A-A735-DA585ED0DF29}.Release|Any CPU.ActiveCfg = Release|Any CPU
		{E07C8DEF-2270-4D6A-A735-DA585ED0DF29}.Release|Any CPU.Build.0 = Release|Any CPU
		{E07C8DEF-2270-4D6A-A735-DA585ED0DF29}.Release|x64.ActiveCfg = Release|Any CPU
		{E07C8DEF-2270-4D6A-A735-DA585ED0DF29}.Release|x64.Build.0 = Release|Any CPU
		{E07C8DEF-2270-4D6A-A735-DA585ED0DF29}.Release|x86.ActiveCfg = Release|Any CPU
		{E07C8DEF-2270-4D6A-A735-DA585ED0DF29}.Release|x86.Build.0 = Release|Any CPU
		{119AB972-E2A4-4851-B9D8-679FB369003C}.Debug|Any CPU.ActiveCfg = Debug|Any CPU
		{119AB972-E2A4-4851-B9D8-679FB369003C}.Debug|Any CPU.Build.0 = Debug|Any CPU
		{119AB972-E2A4-4851-B9D8-679FB369003C}.Debug|x64.ActiveCfg = Debug|Any CPU
		{119AB972-E2A4-4851-B9D8-679FB369003C}.Debug|x64.Build.0 = Debug|Any CPU
		{119AB972-E2A4-4851-B9D8-679FB369003C}.Debug|x86.ActiveCfg = Debug|Any CPU
		{119AB972-E2A4-4851-B9D8-679FB369003C}.Debug|x86.Build.0 = Debug|Any CPU
		{119AB972-E2A4-4851-B9D8-679FB369003C}.Release|Any CPU.ActiveCfg = Release|Any CPU
		{119AB972-E2A4-4851-B9D8-679FB369003C}.Release|Any CPU.Build.0 = Release|Any CPU
		{119AB972-E2A4-4851-B9D8-679FB369003C}.Release|x64.ActiveCfg = Release|Any CPU
		{119AB972-E2A4-4851-B9D8-679FB369003C}.Release|x64.Build.0 = Release|Any CPU
		{119AB972-E2A4-4851-B9D8-679FB369003C}.Release|x86.ActiveCfg = Release|Any CPU
		{119AB972-E2A4-4851-B9D8-679FB369003C}.Release|x86.Build.0 = Release|Any CPU
		{D120AF1B-A36F-46BC-867A-713CCB53BBA4}.Debug|Any CPU.ActiveCfg = Debug|Any CPU
		{D120AF1B-A36F-46BC-867A-713CCB53BBA4}.Debug|Any CPU.Build.0 = Debug|Any CPU
		{D120AF1B-A36F-46BC-867A-713CCB53BBA4}.Debug|x64.ActiveCfg = Debug|Any CPU
		{D120AF1B-A36F-46BC-867A-713CCB53BBA4}.Debug|x64.Build.0 = Debug|Any CPU
		{D120AF1B-A36F-46BC-867A-713CCB53BBA4}.Debug|x86.ActiveCfg = Debug|Any CPU
		{D120AF1B-A36F-46BC-867A-713CCB53BBA4}.Debug|x86.Build.0 = Debug|Any CPU
		{D120AF1B-A36F-46BC-867A-713CCB53BBA4}.Release|Any CPU.ActiveCfg = Release|Any CPU
		{D120AF1B-A36F-46BC-867A-713CCB53BBA4}.Release|Any CPU.Build.0 = Release|Any CPU
		{D120AF1B-A36F-46BC-867A-713CCB53BBA4}.Release|x64.ActiveCfg = Release|Any CPU
		{D120AF1B-A36F-46BC-867A-713CCB53BBA4}.Release|x64.Build.0 = Release|Any CPU
		{D120AF1B-A36F-46BC-867A-713CCB53BBA4}.Release|x86.ActiveCfg = Release|Any CPU
		{D120AF1B-A36F-46BC-867A-713CCB53BBA4}.Release|x86.Build.0 = Release|Any CPU
		{1488BC9F-AC50-4C27-B33A-32DD37B3ACBF}.Debug|Any CPU.ActiveCfg = Debug|Any CPU
		{1488BC9F-AC50-4C27-B33A-32DD37B3ACBF}.Debug|Any CPU.Build.0 = Debug|Any CPU
		{1488BC9F-AC50-4C27-B33A-32DD37B3ACBF}.Debug|x64.ActiveCfg = Debug|Any CPU
		{1488BC9F-AC50-4C27-B33A-32DD37B3ACBF}.Debug|x64.Build.0 = Debug|Any CPU
		{1488BC9F-AC50-4C27-B33A-32DD37B3ACBF}.Debug|x86.ActiveCfg = Debug|Any CPU
		{1488BC9F-AC50-4C27-B33A-32DD37B3ACBF}.Debug|x86.Build.0 = Debug|Any CPU
		{1488BC9F-AC50-4C27-B33A-32DD37B3ACBF}.Release|Any CPU.ActiveCfg = Release|Any CPU
		{1488BC9F-AC50-4C27-B33A-32DD37B3ACBF}.Release|Any CPU.Build.0 = Release|Any CPU
		{1488BC9F-AC50-4C27-B33A-32DD37B3ACBF}.Release|x64.ActiveCfg = Release|Any CPU
		{1488BC9F-AC50-4C27-B33A-32DD37B3ACBF}.Release|x64.Build.0 = Release|Any CPU
		{1488BC9F-AC50-4C27-B33A-32DD37B3ACBF}.Release|x86.ActiveCfg = Release|Any CPU
		{1488BC9F-AC50-4C27-B33A-32DD37B3ACBF}.Release|x86.Build.0 = Release|Any CPU
		{72A1CB43-E1AC-40CC-845A-CB0C027BA94D}.Debug|Any CPU.ActiveCfg = Debug|Any CPU
		{72A1CB43-E1AC-40CC-845A-CB0C027BA94D}.Debug|Any CPU.Build.0 = Debug|Any CPU
		{72A1CB43-E1AC-40CC-845A-CB0C027BA94D}.Debug|x64.ActiveCfg = Debug|Any CPU
		{72A1CB43-E1AC-40CC-845A-CB0C027BA94D}.Debug|x64.Build.0 = Debug|Any CPU
		{72A1CB43-E1AC-40CC-845A-CB0C027BA94D}.Debug|x86.ActiveCfg = Debug|Any CPU
		{72A1CB43-E1AC-40CC-845A-CB0C027BA94D}.Debug|x86.Build.0 = Debug|Any CPU
		{72A1CB43-E1AC-40CC-845A-CB0C027BA94D}.Release|Any CPU.ActiveCfg = Release|Any CPU
		{72A1CB43-E1AC-40CC-845A-CB0C027BA94D}.Release|Any CPU.Build.0 = Release|Any CPU
		{72A1CB43-E1AC-40CC-845A-CB0C027BA94D}.Release|x64.ActiveCfg = Release|Any CPU
		{72A1CB43-E1AC-40CC-845A-CB0C027BA94D}.Release|x64.Build.0 = Release|Any CPU
		{72A1CB43-E1AC-40CC-845A-CB0C027BA94D}.Release|x86.ActiveCfg = Release|Any CPU
		{72A1CB43-E1AC-40CC-845A-CB0C027BA94D}.Release|x86.Build.0 = Release|Any CPU
		{E6F4FA7E-1CA4-4B4F-9DE8-92071CB2556D}.Debug|Any CPU.ActiveCfg = Debug|Any CPU
		{E6F4FA7E-1CA4-4B4F-9DE8-92071CB2556D}.Debug|Any CPU.Build.0 = Debug|Any CPU
		{E6F4FA7E-1CA4-4B4F-9DE8-92071CB2556D}.Debug|x64.ActiveCfg = Debug|Any CPU
		{E6F4FA7E-1CA4-4B4F-9DE8-92071CB2556D}.Debug|x64.Build.0 = Debug|Any CPU
		{E6F4FA7E-1CA4-4B4F-9DE8-92071CB2556D}.Debug|x86.ActiveCfg = Debug|Any CPU
		{E6F4FA7E-1CA4-4B4F-9DE8-92071CB2556D}.Debug|x86.Build.0 = Debug|Any CPU
		{E6F4FA7E-1CA4-4B4F-9DE8-92071CB2556D}.Release|Any CPU.ActiveCfg = Release|Any CPU
		{E6F4FA7E-1CA4-4B4F-9DE8-92071CB2556D}.Release|Any CPU.Build.0 = Release|Any CPU
		{E6F4FA7E-1CA4-4B4F-9DE8-92071CB2556D}.Release|x64.ActiveCfg = Release|Any CPU
		{E6F4FA7E-1CA4-4B4F-9DE8-92071CB2556D}.Release|x64.Build.0 = Release|Any CPU
		{E6F4FA7E-1CA4-4B4F-9DE8-92071CB2556D}.Release|x86.ActiveCfg = Release|Any CPU
		{E6F4FA7E-1CA4-4B4F-9DE8-92071CB2556D}.Release|x86.Build.0 = Release|Any CPU
		{721F2485-EFFB-4E98-8A5F-30688EFB28B6}.Debug|Any CPU.ActiveCfg = Debug|Any CPU
		{721F2485-EFFB-4E98-8A5F-30688EFB28B6}.Debug|Any CPU.Build.0 = Debug|Any CPU
		{721F2485-EFFB-4E98-8A5F-30688EFB28B6}.Debug|x64.ActiveCfg = Debug|Any CPU
		{721F2485-EFFB-4E98-8A5F-30688EFB28B6}.Debug|x64.Build.0 = Debug|Any CPU
		{721F2485-EFFB-4E98-8A5F-30688EFB28B6}.Debug|x86.ActiveCfg = Debug|Any CPU
		{721F2485-EFFB-4E98-8A5F-30688EFB28B6}.Debug|x86.Build.0 = Debug|Any CPU
		{721F2485-EFFB-4E98-8A5F-30688EFB28B6}.Release|Any CPU.ActiveCfg = Release|Any CPU
		{721F2485-EFFB-4E98-8A5F-30688EFB28B6}.Release|Any CPU.Build.0 = Release|Any CPU
		{721F2485-EFFB-4E98-8A5F-30688EFB28B6}.Release|x64.ActiveCfg = Release|Any CPU
		{721F2485-EFFB-4E98-8A5F-30688EFB28B6}.Release|x64.Build.0 = Release|Any CPU
		{721F2485-EFFB-4E98-8A5F-30688EFB28B6}.Release|x86.ActiveCfg = Release|Any CPU
		{721F2485-EFFB-4E98-8A5F-30688EFB28B6}.Release|x86.Build.0 = Release|Any CPU
		{D56D057F-BA5F-42DD-94B0-CA1FD3483FA6}.Debug|Any CPU.ActiveCfg = Debug|Any CPU
		{D56D057F-BA5F-42DD-94B0-CA1FD3483FA6}.Debug|Any CPU.Build.0 = Debug|Any CPU
		{D56D057F-BA5F-42DD-94B0-CA1FD3483FA6}.Debug|x64.ActiveCfg = Debug|Any CPU
		{D56D057F-BA5F-42DD-94B0-CA1FD3483FA6}.Debug|x64.Build.0 = Debug|Any CPU
		{D56D057F-BA5F-42DD-94B0-CA1FD3483FA6}.Debug|x86.ActiveCfg = Debug|Any CPU
		{D56D057F-BA5F-42DD-94B0-CA1FD3483FA6}.Debug|x86.Build.0 = Debug|Any CPU
		{D56D057F-BA5F-42DD-94B0-CA1FD3483FA6}.Release|Any CPU.ActiveCfg = Release|Any CPU
		{D56D057F-BA5F-42DD-94B0-CA1FD3483FA6}.Release|Any CPU.Build.0 = Release|Any CPU
		{D56D057F-BA5F-42DD-94B0-CA1FD3483FA6}.Release|x64.ActiveCfg = Release|Any CPU
		{D56D057F-BA5F-42DD-94B0-CA1FD3483FA6}.Release|x64.Build.0 = Release|Any CPU
		{D56D057F-BA5F-42DD-94B0-CA1FD3483FA6}.Release|x86.ActiveCfg = Release|Any CPU
		{D56D057F-BA5F-42DD-94B0-CA1FD3483FA6}.Release|x86.Build.0 = Release|Any CPU
		{947D3499-14BE-45BC-9878-6DC08F76A878}.Debug|Any CPU.ActiveCfg = Debug|Any CPU
		{947D3499-14BE-45BC-9878-6DC08F76A878}.Debug|Any CPU.Build.0 = Debug|Any CPU
		{947D3499-14BE-45BC-9878-6DC08F76A878}.Debug|x64.ActiveCfg = Debug|Any CPU
		{947D3499-14BE-45BC-9878-6DC08F76A878}.Debug|x64.Build.0 = Debug|Any CPU
		{947D3499-14BE-45BC-9878-6DC08F76A878}.Debug|x86.ActiveCfg = Debug|Any CPU
		{947D3499-14BE-45BC-9878-6DC08F76A878}.Debug|x86.Build.0 = Debug|Any CPU
		{947D3499-14BE-45BC-9878-6DC08F76A878}.Release|Any CPU.ActiveCfg = Release|Any CPU
		{947D3499-14BE-45BC-9878-6DC08F76A878}.Release|Any CPU.Build.0 = Release|Any CPU
		{947D3499-14BE-45BC-9878-6DC08F76A878}.Release|x64.ActiveCfg = Release|Any CPU
		{947D3499-14BE-45BC-9878-6DC08F76A878}.Release|x64.Build.0 = Release|Any CPU
		{947D3499-14BE-45BC-9878-6DC08F76A878}.Release|x86.ActiveCfg = Release|Any CPU
		{947D3499-14BE-45BC-9878-6DC08F76A878}.Release|x86.Build.0 = Release|Any CPU
		{52BE85D4-3529-428A-B9A9-4FBFF76897E3}.Debug|Any CPU.ActiveCfg = Debug|Any CPU
		{52BE85D4-3529-428A-B9A9-4FBFF76897E3}.Debug|Any CPU.Build.0 = Debug|Any CPU
		{52BE85D4-3529-428A-B9A9-4FBFF76897E3}.Debug|x64.ActiveCfg = Debug|Any CPU
		{52BE85D4-3529-428A-B9A9-4FBFF76897E3}.Debug|x64.Build.0 = Debug|Any CPU
		{52BE85D4-3529-428A-B9A9-4FBFF76897E3}.Debug|x86.ActiveCfg = Debug|Any CPU
		{52BE85D4-3529-428A-B9A9-4FBFF76897E3}.Debug|x86.Build.0 = Debug|Any CPU
		{52BE85D4-3529-428A-B9A9-4FBFF76897E3}.Release|Any CPU.ActiveCfg = Release|Any CPU
		{52BE85D4-3529-428A-B9A9-4FBFF76897E3}.Release|Any CPU.Build.0 = Release|Any CPU
		{52BE85D4-3529-428A-B9A9-4FBFF76897E3}.Release|x64.ActiveCfg = Release|Any CPU
		{52BE85D4-3529-428A-B9A9-4FBFF76897E3}.Release|x64.Build.0 = Release|Any CPU
		{52BE85D4-3529-428A-B9A9-4FBFF76897E3}.Release|x86.ActiveCfg = Release|Any CPU
		{52BE85D4-3529-428A-B9A9-4FBFF76897E3}.Release|x86.Build.0 = Release|Any CPU
		{79365CB4-543E-425C-85E3-8A7A932D80AE}.Debug|Any CPU.ActiveCfg = Debug|Any CPU
		{79365CB4-543E-425C-85E3-8A7A932D80AE}.Debug|Any CPU.Build.0 = Debug|Any CPU
		{79365CB4-543E-425C-85E3-8A7A932D80AE}.Debug|x64.ActiveCfg = Debug|Any CPU
		{79365CB4-543E-425C-85E3-8A7A932D80AE}.Debug|x64.Build.0 = Debug|Any CPU
		{79365CB4-543E-425C-85E3-8A7A932D80AE}.Debug|x86.ActiveCfg = Debug|Any CPU
		{79365CB4-543E-425C-85E3-8A7A932D80AE}.Debug|x86.Build.0 = Debug|Any CPU
		{79365CB4-543E-425C-85E3-8A7A932D80AE}.Release|Any CPU.ActiveCfg = Release|Any CPU
		{79365CB4-543E-425C-85E3-8A7A932D80AE}.Release|Any CPU.Build.0 = Release|Any CPU
		{79365CB4-543E-425C-85E3-8A7A932D80AE}.Release|x64.ActiveCfg = Release|Any CPU
		{79365CB4-543E-425C-85E3-8A7A932D80AE}.Release|x64.Build.0 = Release|Any CPU
		{79365CB4-543E-425C-85E3-8A7A932D80AE}.Release|x86.ActiveCfg = Release|Any CPU
		{79365CB4-543E-425C-85E3-8A7A932D80AE}.Release|x86.Build.0 = Release|Any CPU
	EndGlobalSection
	GlobalSection(SolutionProperties) = preSolution
		HideSolutionNode = FALSE
	EndGlobalSection
	GlobalSection(NestedProjects) = preSolution
		{6AAE1FE8-076D-4C45-B7D0-F467D80EB916} = {4695A4CC-2808-B473-78D8-BE303A4A5026}
		{E07C8DEF-2270-4D6A-A735-DA585ED0DF29} = {4695A4CC-2808-B473-78D8-BE303A4A5026}
		{119AB972-E2A4-4851-B9D8-679FB369003C} = {4695A4CC-2808-B473-78D8-BE303A4A5026}
		{D120AF1B-A36F-46BC-867A-713CCB53BBA4} = {4695A4CC-2808-B473-78D8-BE303A4A5026}
		{1488BC9F-AC50-4C27-B33A-32DD37B3ACBF} = {9AD56520-CC69-D13B-DD50-24A91D5BFBA7}
		{72A1CB43-E1AC-40CC-845A-CB0C027BA94D} = {9AD56520-CC69-D13B-DD50-24A91D5BFBA7}
		{E6F4FA7E-1CA4-4B4F-9DE8-92071CB2556D} = {9AD56520-CC69-D13B-DD50-24A91D5BFBA7}
		{721F2485-EFFB-4E98-8A5F-30688EFB28B6} = {9AD56520-CC69-D13B-DD50-24A91D5BFBA7}
		{D56D057F-BA5F-42DD-94B0-CA1FD3483FA6} = {0186F55B-8B5C-28C8-7A24-A01D9A5B18B6}
		{947D3499-14BE-45BC-9878-6DC08F76A878} = {0186F55B-8B5C-28C8-7A24-A01D9A5B18B6}
		{52BE85D4-3529-428A-B9A9-4FBFF76897E3} = {0186F55B-8B5C-28C8-7A24-A01D9A5B18B6}
		{79365CB4-543E-425C-85E3-8A7A932D80AE} = {0186F55B-8B5C-28C8-7A24-A01D9A5B18B6}
	EndGlobalSection
EndGlobal
