
Microsoft Visual Studio Solution File, Format Version 12.00
# Visual Studio Version 17
VisualStudioVersion = 17.14.36915.13
MinimumVisualStudioVersion = 10.0.40219.1
Project("{FAE04EC0-301F-11D3-BF4B-00C04F79EFBC}") = "firstWinForm", "firstWinForm.csproj", "{A5055C26-60BD-4E44-B273-5D0A55972C82}"
EndProject
Project("{FAE04EC0-301F-11D3-BF4B-00C04F79EFBC}") = "exercise-1", "exercise-1\exercise-1.csproj", "{953941D0-1827-4F17-8E8C-48873A39C3EB}"
EndProject
Project("{FAE04EC0-301F-11D3-BF4B-00C04F79EFBC}") = "exercise-2", "exercise-2\exercise-2.csproj", "{A5CEA60E-A956-4265-8AB1-DCC56CC9ED34}"
EndProject
Project("{FAE04EC0-301F-11D3-BF4B-00C04F79EFBC}") = "exercise-3", "..\exercise-3\exercise-3.csproj", "{4C855092-A141-4481-995C-C5644E9BDE87}"
EndProject
Global
	GlobalSection(SolutionConfigurationPlatforms) = preSolution
		Debug|Any CPU = Debug|Any CPU
		Release|Any CPU = Release|Any CPU
	EndGlobalSection
	GlobalSection(ProjectConfigurationPlatforms) = postSolution
		{A5055C26-60BD-4E44-B273-5D0A55972C82}.Debug|Any CPU.ActiveCfg = Debug|Any CPU
		{A5055C26-60BD-4E44-B273-5D0A55972C82}.Debug|Any CPU.Build.0 = Debug|Any CPU
		{A5055C26-60BD-4E44-B273-5D0A55972C82}.Release|Any CPU.ActiveCfg = Release|Any CPU
		{A5055C26-60BD-4E44-B273-5D0A55972C82}.Release|Any CPU.Build.0 = Release|Any CPU
		{953941D0-1827-4F17-8E8C-48873A39C3EB}.Debug|Any CPU.ActiveCfg = Debug|Any CPU
		{953941D0-1827-4F17-8E8C-48873A39C3EB}.Debug|Any CPU.Build.0 = Debug|Any CPU
		{953941D0-1827-4F17-8E8C-48873A39C3EB}.Release|Any CPU.ActiveCfg = Release|Any CPU
		{953941D0-1827-4F17-8E8C-48873A39C3EB}.Release|Any CPU.Build.0 = Release|Any CPU
		{A5CEA60E-A956-4265-8AB1-DCC56CC9ED34}.Debug|Any CPU.ActiveCfg = Debug|Any CPU
		{A5CEA60E-A956-4265-8AB1-DCC56CC9ED34}.Debug|Any CPU.Build.0 = Debug|Any CPU
		{A5CEA60E-A956-4265-8AB1-DCC56CC9ED34}.Release|Any CPU.ActiveCfg = Release|Any CPU
		{A5CEA60E-A956-4265-8AB1-DCC56CC9ED34}.Release|Any CPU.Build.0 = Release|Any CPU
		{4C855092-A141-4481-995C-C5644E9BDE87}.Debug|Any CPU.ActiveCfg = Debug|Any CPU
		{4C855092-A141-4481-995C-C5644E9BDE87}.Debug|Any CPU.Build.0 = Debug|Any CPU
		{4C855092-A141-4481-995C-C5644E9BDE87}.Release|Any CPU.ActiveCfg = Release|Any CPU
		{4C855092-A141-4481-995C-C5644E9BDE87}.Release|Any CPU.Build.0 = Release|Any CPU
	EndGlobalSection
	GlobalSection(SolutionProperties) = preSolution
		HideSolutionNode = FALSE
	EndGlobalSection
	GlobalSection(ExtensibilityGlobals) = postSolution
		SolutionGuid = {4EFE0305-5A4A-43FE-BCAE-E993E35B5422}
	EndGlobalSection
EndGlobal
