
Microsoft Visual Studio Solution File, Format Version 12.00
# Visual Studio Version 17
VisualStudioVersion = 17.14.36915.13 d17.14
MinimumVisualStudioVersion = 10.0.40219.1
Project("{FAE04EC0-301F-11D3-BF4B-00C04F79EFBC}") = "StarterApplication", "StarterApplication.csproj", "{DF593572-9C6C-43B0-B949-5213FD7063F9}"
EndProject
Global
	GlobalSection(SolutionConfigurationPlatforms) = preSolution
		Debug|Any CPU = Debug|Any CPU
		Release|Any CPU = Release|Any CPU
	EndGlobalSection
	GlobalSection(ProjectConfigurationPlatforms) = postSolution
		{DF593572-9C6C-43B0-B949-5213FD7063F9}.Debug|Any CPU.ActiveCfg = Debug|Any CPU
		{DF593572-9C6C-43B0-B949-5213FD7063F9}.Debug|Any CPU.Build.0 = Debug|Any CPU
		{DF593572-9C6C-43B0-B949-5213FD7063F9}.Release|Any CPU.ActiveCfg = Release|Any CPU
		{DF593572-9C6C-43B0-B949-5213FD7063F9}.Release|Any CPU.Build.0 = Release|Any CPU
	EndGlobalSection
	GlobalSection(SolutionProperties) = preSolution
		HideSolutionNode = FALSE
	EndGlobalSection
	GlobalSection(ExtensibilityGlobals) = postSolution
		SolutionGuid = {C6CC7B28-166D-445C-84FC-63FEBE1480BC}
	EndGlobalSection
EndGlobal
