
Microsoft Visual Studio Solution File, Format Version 12.00
# Visual Studio Version 17
VisualStudioVersion = 17.14.36915.13
MinimumVisualStudioVersion = 10.0.40219.1
Project("{FAE04EC0-301F-11D3-BF4B-00C04F79EFBC}") = "InsuranceManagementApi", "InsuranceManagementApi.csproj", "{D6C9B5B0-0729-4134-BD36-A9B3244EF7B4}"
EndProject
Project("{FAE04EC0-301F-11D3-BF4B-00C04F79EFBC}") = "InsuranceManagementApi.Tests", "..\InsuranceManagementApi.Tests\InsuranceManagementApi.Tests.csproj", "{745D5DC3-C341-4889-86A6-78C62F45F76C}"
EndProject
Global
	GlobalSection(SolutionConfigurationPlatforms) = preSolution
		Debug|Any CPU = Debug|Any CPU
		Debug|x64 = Debug|x64
		Debug|x86 = Debug|x86
		Release|Any CPU = Release|Any CPU
		Release|x64 = Release|x64
		Release|x86 = Release|x86
	EndGlobalSection
	GlobalSection(ProjectConfigurationPlatforms) = postSolution
		{D6C9B5B0-0729-4134-BD36-A9B3244EF7B4}.Debug|Any CPU.ActiveCfg = Debug|Any CPU
		{D6C9B5B0-0729-4134-BD36-A9B3244EF7B4}.Debug|Any CPU.Build.0 = Debug|Any CPU
		{D6C9B5B0-0729-4134-BD36-A9B3244EF7B4}.Debug|x64.ActiveCfg = Debug|Any CPU
		{D6C9B5B0-0729-4134-BD36-A9B3244EF7B4}.Debug|x64.Build.0 = Debug|Any CPU
		{D6C9B5B0-0729-4134-BD36-A9B3244EF7B4}.Debug|x86.ActiveCfg = Debug|Any CPU
		{D6C9B5B0-0729-4134-BD36-A9B3244EF7B4}.Debug|x86.Build.0 = Debug|Any CPU
		{D6C9B5B0-0729-4134-BD36-A9B3244EF7B4}.Release|Any CPU.ActiveCfg = Release|Any CPU
		{D6C9B5B0-0729-4134-BD36-A9B3244EF7B4}.Release|Any CPU.Build.0 = Release|Any CPU
		{D6C9B5B0-0729-4134-BD36-A9B3244EF7B4}.Release|x64.ActiveCfg = Release|Any CPU
		{D6C9B5B0-0729-4134-BD36-A9B3244EF7B4}.Release|x64.Build.0 = Release|Any CPU
		{D6C9B5B0-0729-4134-BD36-A9B3244EF7B4}.Release|x86.ActiveCfg = Release|Any CPU
		{D6C9B5B0-0729-4134-BD36-A9B3244EF7B4}.Release|x86.Build.0 = Release|Any CPU
		{745D5DC3-C341-4889-86A6-78C62F45F76C}.Debug|Any CPU.ActiveCfg = Debug|Any CPU
		{745D5DC3-C341-4889-86A6-78C62F45F76C}.Debug|Any CPU.Build.0 = Debug|Any CPU
		{745D5DC3-C341-4889-86A6-78C62F45F76C}.Debug|x64.ActiveCfg = Debug|Any CPU
		{745D5DC3-C341-4889-86A6-78C62F45F76C}.Debug|x64.Build.0 = Debug|Any CPU
		{745D5DC3-C341-4889-86A6-78C62F45F76C}.Debug|x86.ActiveCfg = Debug|Any CPU
		{745D5DC3-C341-4889-86A6-78C62F45F76C}.Debug|x86.Build.0 = Debug|Any CPU
		{745D5DC3-C341-4889-86A6-78C62F45F76C}.Release|Any CPU.ActiveCfg = Release|Any CPU
		{745D5DC3-C341-4889-86A6-78C62F45F76C}.Release|Any CPU.Build.0 = Release|Any CPU
		{745D5DC3-C341-4889-86A6-78C62F45F76C}.Release|x64.ActiveCfg = Release|Any CPU
		{745D5DC3-C341-4889-86A6-78C62F45F76C}.Release|x64.Build.0 = Release|Any CPU
		{745D5DC3-C341-4889-86A6-78C62F45F76C}.Release|x86.ActiveCfg = Release|Any CPU
		{745D5DC3-C341-4889-86A6-78C62F45F76C}.Release|x86.Build.0 = Release|Any CPU
	EndGlobalSection
	GlobalSection(SolutionProperties) = preSolution
		HideSolutionNode = FALSE
	EndGlobalSection
	GlobalSection(ExtensibilityGlobals) = postSolution
		SolutionGuid = {47FD369B-C680-47A0-8D73-66A0C9631EEC}
	EndGlobalSection
EndGlobal
