
Microsoft Visual Studio Solution File, Format Version 12.00
# Visual Studio Version 17
VisualStudioVersion = 17.14.36915.13 d17.14
MinimumVisualStudioVersion = 10.0.40219.1
Project("{FAE04EC0-301F-11D3-BF4B-00C04F79EFBC}") = "WEEK5ASMT", "WEEK5ASMT.csproj", "{C6A7837E-ADD2-4A9A-A5B1-6993F4006652}"
EndProject
Project("{FAE04EC0-301F-11D3-BF4B-00C04F79EFBC}") = "exercise-1", "exercise-1\exercise-1.csproj", "{D72D8617-0D96-4AF2-BC63-B65822E7B248}"
EndProject
Global
	GlobalSection(SolutionConfigurationPlatforms) = preSolution
		Debug|Any CPU = Debug|Any CPU
		Release|Any CPU = Release|Any CPU
	EndGlobalSection
	GlobalSection(ProjectConfigurationPlatforms) = postSolution
		{C6A7837E-ADD2-4A9A-A5B1-6993F4006652}.Debug|Any CPU.ActiveCfg = Debug|Any CPU
		{C6A7837E-ADD2-4A9A-A5B1-6993F4006652}.Debug|Any CPU.Build.0 = Debug|Any CPU
		{C6A7837E-ADD2-4A9A-A5B1-6993F4006652}.Release|Any CPU.ActiveCfg = Release|Any CPU
		{C6A7837E-ADD2-4A9A-A5B1-6993F4006652}.Release|Any CPU.Build.0 = Release|Any CPU
		{D72D8617-0D96-4AF2-BC63-B65822E7B248}.Debug|Any CPU.ActiveCfg = Debug|Any CPU
		{D72D8617-0D96-4AF2-BC63-B65822E7B248}.Debug|Any CPU.Build.0 = Debug|Any CPU
		{D72D8617-0D96-4AF2-BC63-B65822E7B248}.Release|Any CPU.ActiveCfg = Release|Any CPU
		{D72D8617-0D96-4AF2-BC63-B65822E7B248}.Release|Any CPU.Build.0 = Release|Any CPU
	EndGlobalSection
	GlobalSection(SolutionProperties) = preSolution
		HideSolutionNode = FALSE
	EndGlobalSection
	GlobalSection(ExtensibilityGlobals) = postSolution
		SolutionGuid = {2D3E81A1-80FF-4CB1-AAE0-A796996DD6C4}
	EndGlobalSection
EndGlobal
