
Microsoft Visual Studio Solution File, Format Version 12.00
# Visual Studio Version 17
VisualStudioVersion = 17.14.36915.13 d17.14
MinimumVisualStudioVersion = 10.0.40219.1
Project("{FAE04EC0-301F-11D3-BF4B-00C04F79EFBC}") = "BlogAPISQLServer", "BlogAPISQLServer\BlogAPISQLServer.csproj", "{2C1E79FB-A253-4AF2-ABCE-378DB8CA6E0E}"
EndProject
Global
	GlobalSection(SolutionConfigurationPlatforms) = preSolution
		Debug|Any CPU = Debug|Any CPU
		Release|Any CPU = Release|Any CPU
	EndGlobalSection
	GlobalSection(ProjectConfigurationPlatforms) = postSolution
		{2C1E79FB-A253-4AF2-ABCE-378DB8CA6E0E}.Debug|Any CPU.ActiveCfg = Debug|Any CPU
		{2C1E79FB-A253-4AF2-ABCE-378DB8CA6E0E}.Debug|Any CPU.Build.0 = Debug|Any CPU
		{2C1E79FB-A253-4AF2-ABCE-378DB8CA6E0E}.Release|Any CPU.ActiveCfg = Release|Any CPU
		{2C1E79FB-A253-4AF2-ABCE-378DB8CA6E0E}.Release|Any CPU.Build.0 = Release|Any CPU
	EndGlobalSection
	GlobalSection(SolutionProperties) = preSolution
		HideSolutionNode = FALSE
	EndGlobalSection
	GlobalSection(ExtensibilityGlobals) = postSolution
		SolutionGuid = {CD558D37-46EA-4732-8C24-97AE6EB6F9F9}
	EndGlobalSection
EndGlobal
