
Microsoft Visual Studio Solution File, Format Version 12.00
# Visual Studio Version 17
VisualStudioVersion = 17.14.36915.13
MinimumVisualStudioVersion = 10.0.40219.1
Project("{FAE04EC0-301F-11D3-BF4B-00C04F79EFBC}") = "DAY-3", "DAY-3.csproj", "{626415C1-9611-4815-AF18-511269BDC2A4}"
EndProject
Project("{FAE04EC0-301F-11D3-BF4B-00C04F79EFBC}") = "check vs unchecked", "ConsoleApp1\check vs unchecked.csproj", "{C4A723D6-51C0-4489-A0F0-2DC751DFE32A}"
EndProject
Project("{FAE04EC0-301F-11D3-BF4B-00C04F79EFBC}") = "typecast", "typecast\typecast.csproj", "{8A6D5242-5078-4883-BFDA-015507C63A7A}"
EndProject
Project("{FAE04EC0-301F-11D3-BF4B-00C04F79EFBC}") = "Strings", "Strings\Strings.csproj", "{E3213191-3644-4F79-84F4-849686B83703}"
EndProject
Global
	GlobalSection(SolutionConfigurationPlatforms) = preSolution
		Debug|Any CPU = Debug|Any CPU
		Release|Any CPU = Release|Any CPU
	EndGlobalSection
	GlobalSection(ProjectConfigurationPlatforms) = postSolution
		{626415C1-9611-4815-AF18-511269BDC2A4}.Debug|Any CPU.ActiveCfg = Debug|Any CPU
		{626415C1-9611-4815-AF18-511269BDC2A4}.Debug|Any CPU.Build.0 = Debug|Any CPU
		{626415C1-9611-4815-AF18-511269BDC2A4}.Release|Any CPU.ActiveCfg = Release|Any CPU
		{626415C1-9611-4815-AF18-511269BDC2A4}.Release|Any CPU.Build.0 = Release|Any CPU
		{C4A723D6-51C0-4489-A0F0-2DC751DFE32A}.Debug|Any CPU.ActiveCfg = Debug|Any CPU
		{C4A723D6-51C0-4489-A0F0-2DC751DFE32A}.Debug|Any CPU.Build.0 = Debug|Any CPU
		{C4A723D6-51C0-4489-A0F0-2DC751DFE32A}.Release|Any CPU.ActiveCfg = Release|Any CPU
		{C4A723D6-51C0-4489-A0F0-2DC751DFE32A}.Release|Any CPU.Build.0 = Release|Any CPU
		{8A6D5242-5078-4883-BFDA-015507C63A7A}.Debug|Any CPU.ActiveCfg = Debug|Any CPU
		{8A6D5242-5078-4883-BFDA-015507C63A7A}.Debug|Any CPU.Build.0 = Debug|Any CPU
		{8A6D5242-5078-4883-BFDA-015507C63A7A}.Release|Any CPU.ActiveCfg = Release|Any CPU
		{8A6D5242-5078-4883-BFDA-015507C63A7A}.Release|Any CPU.Build.0 = Release|Any CPU
		{E3213191-3644-4F79-84F4-849686B83703}.Debug|Any CPU.ActiveCfg = Debug|Any CPU
		{E3213191-3644-4F79-84F4-849686B83703}.Debug|Any CPU.Build.0 = Debug|Any CPU
		{E3213191-3644-4F79-84F4-849686B83703}.Release|Any CPU.ActiveCfg = Release|Any CPU
		{E3213191-3644-4F79-84F4-849686B83703}.Release|Any CPU.Build.0 = Release|Any CPU
	EndGlobalSection
	GlobalSection(SolutionProperties) = preSolution
		HideSolutionNode = FALSE
	EndGlobalSection
	GlobalSection(ExtensibilityGlobals) = postSolution
		SolutionGuid = {07DD1FE4-4763-4A1A-AC56-7012FBCC41BF}
	EndGlobalSection
EndGlobal
